
Microsoft Visual Studio Solution File, Format Version 12.00
# Visual Studio Version 17
VisualStudioVersion = 17.11.35222.181
MinimumVisualStudioVersion = 10.0.40219.1
Project("{FAE04EC0-301F-11D3-BF4B-00C04F79EFBC}") = "AES_Shellcode_Decrypter", "AES_Shellcode_Decrypter\AES_Shellcode_Decrypter.csproj", "{CEE3BBFD-4B32-4A90-95D2-236F4FF70190}"
EndProject
Global
	GlobalSection(SolutionConfigurationPlatforms) = preSolution
		Debug|Any CPU = Debug|Any CPU
		Release|Any CPU = Release|Any CPU
	EndGlobalSection
	GlobalSection(ProjectConfigurationPlatforms) = postSolution
		{CEE3BBFD-4B32-4A90-95D2-236F4FF70190}.Debug|Any CPU.ActiveCfg = Debug|Any CPU
		{CEE3BBFD-4B32-4A90-95D2-236F4FF70190}.Debug|Any CPU.Build.0 = Debug|Any CPU
		{CEE3BBFD-4B32-4A90-95D2-236F4FF70190}.Release|Any CPU.ActiveCfg = Release|Any CPU
		{CEE3BBFD-4B32-4A90-95D2-236F4FF70190}.Release|Any CPU.Build.0 = Release|Any CPU
	EndGlobalSection
	GlobalSection(SolutionProperties) = preSolution
		HideSolutionNode = FALSE
	EndGlobalSection
	GlobalSection(ExtensibilityGlobals) = postSolution
		SolutionGuid = {6C92F344-071C-4900-A6CC-2DAEEA7A15A4}
	EndGlobalSection
EndGlobal
